
Microsoft Visual Studio Solution File, Format Version 12.00
# Visual Studio Version 17
VisualStudioVersion = 17.8.34330.188
MinimumVisualStudioVersion = 10.0.40219.1
Project("{FAE04EC0-301F-11D3-BF4B-00C04F79EFBC}") = "Week2", "Week2\Week2.csproj", "{F3428854-E213-493D-94C9-EF13FF0D009F}"
EndProject
Project("{FAE04EC0-301F-11D3-BF4B-00C04F79EFBC}") = "UserGenderValidation", "UserGenderValidation\UserGenderValidation.csproj", "{E56FA0EE-A09A-4E83-B6BA-6716D342A2C3}"
EndProject
Project("{FAE04EC0-301F-11D3-BF4B-00C04F79EFBC}") = "UserAgeValidation", "UserAgeValidation\UserAgeValidation.csproj", "{7F5F4511-A40D-407B-B6F3-4C50D291EBD4}"
EndProject
Global
	GlobalSection(SolutionConfigurationPlatforms) = preSolution
		Debug|Any CPU = Debug|Any CPU
		Release|Any CPU = Release|Any CPU
	EndGlobalSection
	GlobalSection(ProjectConfigurationPlatforms) = postSolution
		{F3428854-E213-493D-94C9-EF13FF0D009F}.Debug|Any CPU.ActiveCfg = Debug|Any CPU
		{F3428854-E213-493D-94C9-EF13FF0D009F}.Debug|Any CPU.Build.0 = Debug|Any CPU
		{F3428854-E213-493D-94C9-EF13FF0D009F}.Release|Any CPU.ActiveCfg = Release|Any CPU
		{F3428854-E213-493D-94C9-EF13FF0D009F}.Release|Any CPU.Build.0 = Release|Any CPU
		{E56FA0EE-A09A-4E83-B6BA-6716D342A2C3}.Debug|Any CPU.ActiveCfg = Debug|Any CPU
		{E56FA0EE-A09A-4E83-B6BA-6716D342A2C3}.Debug|Any CPU.Build.0 = Debug|Any CPU
		{E56FA0EE-A09A-4E83-B6BA-6716D342A2C3}.Release|Any CPU.ActiveCfg = Release|Any CPU
		{E56FA0EE-A09A-4E83-B6BA-6716D342A2C3}.Release|Any CPU.Build.0 = Release|Any CPU
		{7F5F4511-A40D-407B-B6F3-4C50D291EBD4}.Debug|Any CPU.ActiveCfg = Debug|Any CPU
		{7F5F4511-A40D-407B-B6F3-4C50D291EBD4}.Debug|Any CPU.Build.0 = Debug|Any CPU
		{7F5F4511-A40D-407B-B6F3-4C50D291EBD4}.Release|Any CPU.ActiveCfg = Release|Any CPU
		{7F5F4511-A40D-407B-B6F3-4C50D291EBD4}.Release|Any CPU.Build.0 = Release|Any CPU
	EndGlobalSection
	GlobalSection(SolutionProperties) = preSolution
		HideSolutionNode = FALSE
	EndGlobalSection
	GlobalSection(ExtensibilityGlobals) = postSolution
		SolutionGuid = {C72729B6-4148-4574-970B-70EEED7D41C4}
	EndGlobalSection
EndGlobal
